{
    "version": 3,
    "terraform_version": "0.11.10",
    "serial": 16,
    "lineage": "55a7b77f-d7df-1407-3274-9b145415962d",
    "modules": [
        {
            "path": [
                "root"
            ],
            "outputs": {},
            "resources": {
                "null_resource.install": {
                    "type": "null_resource",
                    "depends_on": [
                        "openstack_compute_instance_v2.packer_node"
                    ],
                    "primary": {
                        "id": "4530196987416830521",
                        "attributes": {
                            "id": "4530196987416830521"
                        },
                        "meta": {},
                        "tainted": false
                    },
                    "deposed": [],
                    "provider": "provider.null"
                },
                "openstack_compute_instance_v2.packer_node": {
                    "type": "openstack_compute_instance_v2",
                    "depends_on": [
                        "openstack_compute_secgroup_v2.packer"
                    ],
                    "primary": {
                        "id": "af39dac1-625b-4d8b-8c78-62314b57c790",
                        "attributes": {
                            "access_ip_v4": "10.1.13.176",
                            "access_ip_v6": "[2605:fd00:4:1000:f816:3eff:fe12:4bc8]",
                            "all_metadata.%": "1",
                            "all_metadata.dns": "18d76.yyc.cybera.ca",
                            "availability_zone": "nova",
                            "flavor_id": "2",
                            "flavor_name": "m1.small",
                            "force_delete": "false",
                            "id": "af39dac1-625b-4d8b-8c78-62314b57c790",
                            "image_id": "a36ff0a8-1cb6-4d8f-b092-f00070ed9aac",
                            "image_name": "Ubuntu 18.04",
                            "key_pair": "packer",
                            "name": "packer.cybera.ca",
                            "network.#": "1",
                            "network.0.access_network": "false",
                            "network.0.fixed_ip_v4": "10.1.13.176",
                            "network.0.fixed_ip_v6": "[2605:fd00:4:1000:f816:3eff:fe12:4bc8]",
                            "network.0.floating_ip": "",
                            "network.0.mac": "fa:16:3e:12:4b:c8",
                            "network.0.name": "default",
                            "network.0.port": "",
                            "network.0.uuid": "b0b12e8f-a695-480e-9dc2-3dc8ac2d55fd",
                            "power_state": "active",
                            "region": "Calgary",
                            "security_groups.#": "1",
                            "security_groups.3575775553": "packer",
                            "stop_before_destroy": "false"
                        },
                        "meta": {
                            "e2bfb730-ecaa-11e6-8f88-34363bc7c4c0": {
                                "create": 1800000000000,
                                "delete": 1800000000000,
                                "update": 1800000000000
                            }
                        },
                        "tainted": false
                    },
                    "deposed": [],
                    "provider": "provider.openstack"
                },
                "openstack_compute_keypair_v2.packer": {
                    "type": "openstack_compute_keypair_v2",
                    "depends_on": [],
                    "primary": {
                        "id": "packer",
                        "attributes": {
                            "fingerprint": "73:4d:ea:7e:02:23:28:20:a0:09:05:78:70:5e:11:90",
                            "id": "packer",
                            "name": "packer",
                            "private_key": "",
                            "public_key": "ssh-rsa AAAAB3NzaC1yc2EAAAADAQABAAACAQDYHXDNILsYiEgxxPfPUxUi4iLGRGBMZ9diZBMTXqkVlw0vr2W1Q8/4+6QS9CsUONJcwh+OUjVp+reVyy2HGmCylI5ZfcVPwdkGnsKtkfkszY9Hxel7oGIyAn6pL3iTHnBjuyCwH5ObTaJ3z0wLwI5AX1oaUKHGsI2hqrSnqh8BmOGNMBGmYDGWNY7oNhdieOTDAbZJ5ti55LPtPTVLwn6ZX7wVFt7TyaaGQ12B3/1naif3/6CYppkUDSoxanNga8WWaBTmPtwdnlrGe1ZcIm9c73X93lHqQvcR3tuL9S5NCjGFEGZgT5HtdqP9w8l+AF6AuW9g+z+y9MSUzMYBHiI64xxOMoH1X1dRfntUtz+SpjolEzfGMH1aAENs1H81Sfynquv7WfHWXLK17MeZGmwpl/MVvXY4C4OI40YGiVkrXsdXd1sXJD58GOzJZobDotHKWbljZjt/WkJQqALnYiTtBlraBXu2vdOLsNsdnrcuQ0Kyg6Xupz7ftrdspnwp4OLUQt4iTGY6wh1UZwb8BEU+sRjK0sDCAbgsch2pcOLMLW9B3m31EtwTnfboTI6iD/y+SPkvv1ICpa2b3SuygY/SrofUCPIj2VcYKvNxr9PT/6Zj+4bnm+mQXsl8FWT0ygoj8S228xv+I/mXNuyxZJ3ibCtglzoKH6cE4TbRUJJT7Q== micheal@Avenir.local\n",
                            "region": "Calgary"
                        },
                        "meta": {},
                        "tainted": false
                    },
                    "deposed": [],
                    "provider": "provider.openstack"
                },
                "openstack_compute_secgroup_v2.packer": {
                    "type": "openstack_compute_secgroup_v2",
                    "depends_on": [],
                    "primary": {
                        "id": "32089518-ae52-4272-bb2a-d96d1dda23a9",
                        "attributes": {
                            "description": "Rules for packer.cybera.ca",
                            "id": "32089518-ae52-4272-bb2a-d96d1dda23a9",
                            "name": "packer",
                            "region": "Calgary",
                            "rule.#": "3",
                            "rule.2180185248.cidr": "0.0.0.0/0",
                            "rule.2180185248.from_group_id": "",
                            "rule.2180185248.from_port": "-1",
                            "rule.2180185248.id": "fcffc518-46ec-43b4-b941-eabad8bde876",
                            "rule.2180185248.ip_protocol": "icmp",
                            "rule.2180185248.self": "false",
                            "rule.2180185248.to_port": "-1",
                            "rule.2519678388.cidr": "2605:fd00::/32",
                            "rule.2519678388.from_group_id": "",
                            "rule.2519678388.from_port": "22",
                            "rule.2519678388.id": "1b17e93a-7edb-409d-b376-65109b852b15",
                            "rule.2519678388.ip_protocol": "tcp",
                            "rule.2519678388.self": "false",
                            "rule.2519678388.to_port": "22",
                            "rule.3362851838.cidr": "::/0",
                            "rule.3362851838.from_group_id": "",
                            "rule.3362851838.from_port": "-1",
                            "rule.3362851838.id": "da110a4c-3346-4119-8007-6582de5f2514",
                            "rule.3362851838.ip_protocol": "icmp",
                            "rule.3362851838.self": "false",
                            "rule.3362851838.to_port": "-1"
                        },
                        "meta": {
                            "e2bfb730-ecaa-11e6-8f88-34363bc7c4c0": {
                                "delete": 600000000000
                            }
                        },
                        "tainted": false
                    },
                    "deposed": [],
                    "provider": "provider.openstack"
                }
            },
            "depends_on": []
        }
    ]
}
